<?xml version="1.0" encoding="UTF-8" standalone="yes" ?>
<CodeBlocks_project_file>
	<FileVersion major="1" minor="6" />
	<Project>
		<Option title="DiamondPunch" />
		<Option pch_mode="2" />
		<Option compiler="gcc" />
		<Build>
			<Target title="Debug">
				<Option output="bin/Debug/DiamondPunch" prefix_auto="1" extension_auto="1" />
				<Option object_output="obj/Debug/" />
				<Option type="1" />
				<Option compiler="gcc" />
				<Compiler>
					<Add option="-g" />
				</Compiler>
				<Linker>
					<Add library="gdi32" />
				</Linker>
			</Target>
		</Build>
		<Compiler>
			<Add option="-Wall" />
			<Add option="-fexceptions" />
		</Compiler>
		<Unit filename="DiamondPunch.rc">
			<Option compilerVar="WINDRES" />
		</Unit>
		<Unit filename="Vec2.cpp" />
		<Unit filename="Vec2.h" />
		<Unit filename="backbuffer.cpp" />
		<Unit filename="backbuffer.h" />
		<Unit filename="circle.cpp" />
		<Unit filename="circle.h" />
		<Unit filename="diamondpunchgame.cpp" />
		<Unit filename="diamondpunchgame.h" />
		<Unit filename="main.cpp" />
		<Unit filename="rect.cpp" />
		<Unit filename="rect.h" />
		<Unit filename="resource.h" />
		<Unit filename="sprite.cpp" />
		<Unit filename="sprite.h" />
		<Extensions>
			<code_completion />
			<envvars />
			<debugger />
			<lib_finder disable_auto="1" />
		</Extensions>
	</Project>
</CodeBlocks_project_file>
